version = 1
revision = 3
requires-python = ">=3.12"

[[package]]
name = "certifi"
version = "2026.7.22"
source = { registry = "https://pypi.org/simple" }
sdist = { url = "https://files.pythonhosted.org/packages/a3/c2/24167ea9858356b47a87a50d39908bfdb72ceeefe0041586e704e5376b3a/certifi-2026.7.22.tar.gz", hash = "sha256:741e2c3b351ddf169a738da9f2c048608ff7f2c5cc02f1ebc6b118bb090d5d55", size = 138112, upload-time = "2026-07-22T03:35:12.644Z" }
wheels = [
    { url = "https://files.pythonhosted.org/packages/0b/a7/71ac2cff56fec219ed242bb11b8efb69fcc4bec75db06fb7bfe35de520e6/certifi-2026.7.22-py3-none-any.whl", hash = "sha256:62f22742b58a1a33014a2b6b706588a8d7e2a88ae7bd1a6ebe8c992928483775", size = 136983, upload-time = "2026-07-22T03:35:11.276Z" },
]

[[package]]
name = "charset-normalizer"
version = "3.4.9"
source = { registry = "https://pypi.org/simple" }
sdist = { url = "https://files.pythonhosted.org/packages/bd/2a/23f34ec9d04624958e137efdc394888716353190e75f25dd22c7a2c7a8aa/charset_normalizer-3.4.9.tar.gz", hash = "sha256:673611bbd43f0810bec0b0f028ddeaaa501190339cac411f347ac76917c3ae7b", size = 152439, upload-time = "2026-07-07T14:34:58.454Z" }
wheels = [
    { url = "https://files.pythonhosted.org/packages/70/4a/ecbd131485c07fcdfad54e28946d513e3da22ef3b4bd854dcafae54ec739/charset_normalizer-3.4.9-cp312-cp312-macosx_10_13_universal2.whl", hash = "sha256:45b0cc4e3556cd875e09102988d1ab8356c998b596c9fced84547c8138b487a0", size = 319300, upload-time = "2026-07-07T14:33:15.666Z" },
    { url = "https://files.pythonhosted.org/packages/ec/96/5d9364e3342d69f3a045e1777bc47c85c383e6e9466d561b33fdb419d1f9/charset_normalizer-3.4.9-cp312-cp312-manylinux2014_aarch64.manylinux_2_17_aarch64.manylinux_2_28_aarch64.whl", hash = "sha256:9b2aff1c7b3884512b9512c3eaadd9bab39fb45042ffaaa1dd08ff2b9f8109d9", size = 215802, upload-time = "2026-07-07T14:33:17.031Z" },
    { url = "https://files.pythonhosted.org/packages/4b/4c/5361f9aa7f2cb58d94f2ab831b3d493f69efb1d239654b4744e3c09527cb/charset_normalizer-3.4.9-cp312-cp312-manylinux2014_ppc64le.manylinux_2_17_ppc64le.manylinux_2_28_ppc64le.whl", hash = "sha256:9104ed0bd76a429d46f9ec0dbc9b08ad1d2dcdf2b00a5a0daa1c145329b35b44", size = 237171, upload-time = "2026-07-07T14:33:18.576Z" },
    { url = "https://files.pythonhosted.org/packages/50/78/ce342ca4ff30b2eb49fe6d9578df85974f90c67d294113e94efdd9664cbd/charset_normalizer-3.4.9-cp312-cp312-manylinux2014_s390x.manylinux_2_17_s390x.manylinux_2_28_s390x.whl", hash = "sha256:7b86a2b16095d250c6f58b3d9b2eee6f4147754344f3dab0922f7c9bf7d226c9", size = 233075, upload-time = "2026-07-07T14:33:20.084Z" },
    { url = "https://files.pythonhosted.org/packages/01/c4/4fa4c8b3097a11f3c5f09a35b72ed6855fb1d332469504962ab7bafcc702/charset_normalizer-3.4.9-cp312-cp312-manylinux2014_x86_64.manylinux_2_17_x86_64.manylinux_2_28_x86_64.whl", hash = "sha256:5e226f6218febc71f6c1fc2fafb91c226f75bdc1d8fb12d66823716e891608fd", size = 224256, upload-time = "2026-07-07T14:33:21.747Z" },
    { url = "https://files.pythonhosted.org/packages/87/3a/ad914516df7e358a81aae018caa5e0470ba827fa6d763b1d2e87d920a5f6/charset_normalizer-3.4.9-cp312-cp312-manylinux_2_31_armv7l.whl", hash = "sha256:90c44bc373b7687f6948b693cceaea1348ae0975d7474746559494468e3c1d84", size = 208784, upload-time = "2026-07-07T14:33:23.313Z" },
    { url = "https://files.pythonhosted.org/packages/d7/74/3c12f9755717dfe5c5c87da63f35d765fa0c00382ec26bf23f7fae34f2ba/charset_normalizer-3.4.9-cp312-cp312-manylinux_2_31_riscv64.manylinux_2_39_riscv64.whl", hash = "sha256:9cdef90ae47919cae358d8ab15797a800ed41da7aba5d72419fb510729e2ed4b", size = 219928, upload-time = "2026-07-07T14:33:24.814Z" },
    { url = "https://files.pythonhosted.org/packages/33/9a/895095b83e7907abd6d3d99aad3a38ad0d9686cc186cb0c94c24320fe63e/charset_normalizer-3.4.9-cp312-cp312-musllinux_1_2_aarch64.whl", hash = "sha256:60f44ade2cf573dad7a277e6f8ca9a51a21dda572b13bd7d8539bb3cd5dbedde", size = 218489, upload-time = "2026-07-07T14:33:26.42Z" },
    { url = "https://files.pythonhosted.org/packages/a1/34/ef5c05f412f42520d7709b7d3784d19640839eb7366ded1755511585429f/charset_normalizer-3.4.9-cp312-cp312-musllinux_1_2_armv7l.whl", hash = "sha256:a1786910334ed46ab1dd73222f2cd1e05c2c3bb39f6dddb4f8b36fc382058a39", size = 210267, upload-time = "2026-07-07T14:33:27.952Z" },
    { url = "https://files.pythonhosted.org/packages/83/dc/9b29fa4412b318bf3bfea985c35d67eb55e04b59a7c3f2237168b0e0be6f/charset_normalizer-3.4.9-cp312-cp312-musllinux_1_2_x86_64.whl", hash = "sha256:03d07803992c6c7bbc976327f34b18b6160327fc81cb82c9d504720ac0be3b62", size = 226030, upload-time = "2026-07-07T14:33:29.397Z" },
    { url = "https://files.pythonhosted.org/packages/0e/42/6dbc00b8cd16011691203e33570fa42ed5746599a2e878112d16eab403a3/charset_normalizer-3.4.9-cp312-cp312-win32.whl", hash = "sha256:78841cccf1af7b40f6f716338d50c0902dbe88d9f800b3c973b7a9a0a693a642", size = 151185, upload-time = "2026-07-07T14:33:30.781Z" },
    { url = "https://files.pythonhosted.org/packages/80/cc/f920afd1a23c58ccd53c1d36085a71893a4737ff5e66e0371efab6809850/charset_normalizer-3.4.9-cp312-cp312-win_amd64.whl", hash = "sha256:4b3dac63058cc36820b0dd072f89898604e2d39686fe05321729d00d8ac185a0", size = 162557, upload-time = "2026-07-07T14:33:32.176Z" },
    { url = "https://files.pythonhosted.org/packages/f0/e6/0386d43a261ff4e4b30c5857af7df877254b46bec7b9d1b74b6bf969a90b/charset_normalizer-3.4.9-cp312-cp312-win_arm64.whl", hash = "sha256:78fa18e436a1a0e58dbd7e02fc4473f3f32cceb12df9dfca542d075961c307d2", size = 152665, upload-time = "2026-07-07T14:33:33.711Z" },
    { url = "https://files.pythonhosted.org/packages/b2/06/97ec2aeae780b31d742b6352218b43841a6871e2564578ca522dce4a45c3/charset_normalizer-3.4.9-cp313-cp313-macosx_10_13_universal2.whl", hash = "sha256:440eede837960000d74978f0eba527be106b5b9aee0daf779d395276ed0b0614", size = 317688, upload-time = "2026-07-07T14:33:35.408Z" },
    { url = "https://files.pythonhosted.org/packages/d0/39/8ff066c672434225f8d25f8b739f992af250944392173dcc88362681c9bf/charset_normalizer-3.4.9-cp313-cp313-manylinux2014_aarch64.manylinux_2_17_aarch64.manylinux_2_28_aarch64.whl", hash = "sha256:21e764fd1e70b6a3e205a0e46f3051701f98a8cb3fad66eeb80e48bb502f8698", size = 214982, upload-time = "2026-07-07T14:33:36.996Z" },
    { url = "https://files.pythonhosted.org/packages/92/8f/3a47a3667c83c2df9483d91644c6c107de3bf8874aa1793da9d3012eb986/charset_normalizer-3.4.9-cp313-cp313-manylinux2014_ppc64le.manylinux_2_17_ppc64le.manylinux_2_28_ppc64le.whl", hash = "sha256:e4fd89cc178bced6ad29cb3e6dd4aa63fa5017c3524dbd0b25998fb64a87cc8b", size = 236460, upload-time = "2026-07-07T14:33:38.536Z" },
    { url = "https://files.pythonhosted.org/packages/f1/60/b22cdbee7e4013dab8b0d7647fc6181120fbbbc8f7025c226d15bd5a47fc/charset_normalizer-3.4.9-cp313-cp313-manylinux2014_s390x.manylinux_2_17_s390x.manylinux_2_28_s390x.whl", hash = "sha256:bd47ba7fc3ca94896759ea0109775132d3e7ab921fbf54038e1bab2e46c313c9", size = 232003, upload-time = "2026-07-07T14:33:40.059Z" },
    { url = "https://files.pythonhosted.org/packages/ea/f8/72eb13dcabe7257035cea8aefd922caad2f110d252bf9f67c4c2ca763aee/charset_normalizer-3.4.9-cp313-cp313-manylinux2014_x86_64.manylinux_2_17_x86_64.manylinux_2_28_x86_64.whl", hash = "sha256:84fd18bcc17526fc2b3c1af7d2b9217d32c9c04448c16ec693b9b4f1985c3d33", size = 223149, upload-time = "2026-07-07T14:33:41.631Z" },
    { url = "https://files.pythonhosted.org/packages/b0/3e/faee8f9de92b14ee1198e9163252bb15efee7301b31256a3b6d9ebfdd0dd/charset_normalizer-3.4.9-cp313-cp313-manylinux_2_31_armv7l.whl", hash = "sha256:5b10cd92fc5c498b35a8635df6d5a100207f88b63a4dc1de7ef9a548e1e2cd63", size = 207901, upload-time = "2026-07-07T14:33:43.209Z" },
    { url = "https://files.pythonhosted.org/packages/3a/25/45f30093ae27dd7b92a793b61882a38685f993700113ca36e0c9c14965e1/charset_normalizer-3.4.9-cp313-cp313-manylinux_2_31_riscv64.manylinux_2_39_riscv64.whl", hash = "sha256:a4fbdde9dd4a9ce5fd52c2b3a347bb50cc89483ef783f1cb00d408c13f7a96c0", size = 219176, upload-time = "2026-07-07T14:33:44.725Z" },
    { url = "https://files.pythonhosted.org/packages/48/18/c8f397329c35e32f6a837e488986f4ae03bd2abebc453b48714991630c2f/charset_normalizer-3.4.9-cp313-cp313-musllinux_1_2_aarch64.whl", hash = "sha256:416c229f77e5ea25b3dfd4b582f8d73d7e43c22320302b9ab128a2d3a0b38efe", size = 217356, upload-time = "2026-07-07T14:33:46.192Z" },
    { url = "https://files.pythonhosted.org/packages/86/7e/5ce0bba863470fd1902d5e5843968951bddf38abe4742fc97116ef4598b3/charset_normalizer-3.4.9-cp313-cp313-musllinux_1_2_armv7l.whl", hash = "sha256:75286256590a6320cf106a0d28970d3560aad9ee09aa7b34fb40524792436d35", size = 209614, upload-time = "2026-07-07T14:33:47.705Z" },
    { url = "https://files.pythonhosted.org/packages/6c/ef/2473d3c4d869155be4af1191111d59c4d5c4e0173026f7e85b176e23bf65/charset_normalizer-3.4.9-cp313-cp313-musllinux_1_2_x86_64.whl", hash = "sha256:69b157c5d3292bcd443faca052f3096f637f1e074b98212a933c074ae23dc3b8", size = 224991, upload-time = "2026-07-07T14:33:49.238Z" },
    { url = "https://files.pythonhosted.org/packages/d0/a3/53ddae3db108a088156aa8ddfafd411ebbc1340f48c5573f697b27f69a39/charset_normalizer-3.4.9-cp313-cp313-win32.whl", hash = "sha256:51307f5c71007673a2bf8232ad973483d281e74cb99c8c5a990af1eefa6277d9", size = 150622, upload-time = "2026-07-07T14:33:50.711Z" },
    { url = "https://files.pythonhosted.org/packages/e8/ef/6953a77c7cf2c2ff9998e6f575ab3e380119f100223381565a4f94c1f836/charset_normalizer-3.4.9-cp313-cp313-win_amd64.whl", hash = "sha256:fe2c7201c642b7c308f1675355ad7ff7b66acfe3541625efe5a3ad38f29d6115", size = 161947, upload-time = "2026-07-07T14:33:52.197Z" },
    { url = "https://files.pythonhosted.org/packages/6e/fb/d560d1d1555debbfe7849d9cac6145c1b537709d79576bf22557ed803b82/charset_normalizer-3.4.9-cp313-cp313-win_arm64.whl", hash = "sha256:611057cc5d5c0afc743ba8be6bd828c17e0aaa8643f9d0a9b9bb7dea80eb8012", size = 152594, upload-time = "2026-07-07T14:33:53.486Z" },
    { url = "https://files.pythonhosted.org/packages/7e/8d/496817fa0944239ecae662dd57ea765cfeaec6a735f9f025d4b7b72e7143/charset_normalizer-3.4.9-cp314-cp314-macosx_10_15_universal2.whl", hash = "sha256:0327fcd59a935777d83410750c50600ee9571af2846f71ce40f25b13da1ef380", size = 317253, upload-time = "2026-07-07T14:33:54.994Z" },
    { url = "https://files.pythonhosted.org/packages/2b/f9/ef4a69ea338ad3c0deceea0f5f7d2380ae8b52132b06d652cb0d2cd86706/charset_normalizer-3.4.9-cp314-cp314-manylinux2014_aarch64.manylinux_2_17_aarch64.manylinux_2_28_aarch64.whl", hash = "sha256:8a79d9f4d8001473a30c163556b3c3bfebec837495a412dde78b51672f6134f9", size = 215898, upload-time = "2026-07-07T14:33:56.334Z" },
    { url = "https://files.pythonhosted.org/packages/8c/e7/5ddfd76fc061eb52de219658a4aa431cbacadf0a0219c8854f00da50d289/charset_normalizer-3.4.9-cp314-cp314-manylinux2014_ppc64le.manylinux_2_17_ppc64le.manylinux_2_28_ppc64le.whl", hash = "sha256:33bdcc2a32c0a0e861f60841a512c8acc658c87c2ac59d89e3a46dacf7d866e4", size = 236718, upload-time = "2026-07-07T14:33:57.9Z" },
    { url = "https://files.pythonhosted.org/packages/49/ba/768fa3f36048d81c477a0ce61f813bc1454d80917ccfe550abd9f44f5e24/charset_normalizer-3.4.9-cp314-cp314-manylinux2014_s390x.manylinux_2_17_s390x.manylinux_2_28_s390x.whl", hash = "sha256:f840ed6d8ecba8255df8c42b87fadeda98ddfc6eeec05e2dc66e26d46dd6f58a", size = 232519, upload-time = "2026-07-07T14:33:59.811Z" },
    { url = "https://files.pythonhosted.org/packages/f4/c4/b3e049d2aa3766180c78507110543d9d50894cc97f57de543f1be521dcdc/charset_normalizer-3.4.9-cp314-cp314-manylinux2014_x86_64.manylinux_2_17_x86_64.manylinux_2_28_x86_64.whl", hash = "sha256:c25fe15c70c59eb7c5ce8c06a1f3fa1da0ecc5ea1e7a5922c40fd2fa9b0d5046", size = 223143, upload-time = "2026-07-07T14:34:01.517Z" },
    { url = "https://files.pythonhosted.org/packages/19/79/55c32d06d76ae4feafe053f061f3e3ab70bcf19f4007797ce8c3efda7830/charset_normalizer-3.4.9-cp314-cp314-manylinux_2_31_armv7l.whl", hash = "sha256:f7fb7d750cfa0a070d2c24e831fd3481019a60dd317ea2b39acbcebc08b6ed81", size = 206742, upload-time = "2026-07-07T14:34:03.04Z" },
    { url = "https://files.pythonhosted.org/packages/10/e0/47c079dd82d217c807479cd59ffd30af56307ea31c108b75758970459ad3/charset_normalizer-3.4.9-cp314-cp314-manylinux_2_31_riscv64.manylinux_2_39_riscv64.whl", hash = "sha256:4d1c96a7a18b9690a4d46df09e3e3382406ae3213727cd1019ebade1c4a81917", size = 219191, upload-time = "2026-07-07T14:34:04.657Z" },
    { url = "https://files.pythonhosted.org/packages/42/ab/b9bc2e77d6b44a7e46ef62ec5cac1c9a6ba7b9135a5d560f002696ec9995/charset_normalizer-3.4.9-cp314-cp314-musllinux_1_2_aarch64.whl", hash = "sha256:a4cfde78a9f2880208d16a93b795726a3017d5977e08d1e162a7a31322479c41", size = 218328, upload-time = "2026-07-07T14:34:06.115Z" },
    { url = "https://files.pythonhosted.org/packages/f1/78/c9c71d599f5aa2d42bcdd35cbbd46d7f535351a57e40ff7d8e5a7e219401/charset_normalizer-3.4.9-cp314-cp314-musllinux_1_2_armv7l.whl", hash = "sha256:d4d6fcde76f94f5cb9e43e9e9a61f16dacefd228cbbf6f1a09bd9b219a92f1a1", size = 207406, upload-time = "2026-07-07T14:34:07.554Z" },
    { url = "https://files.pythonhosted.org/packages/f6/39/c914445c321a845097ce4f6ac7de9a18228a77b766272125a1ce00d851eb/charset_normalizer-3.4.9-cp314-cp314-musllinux_1_2_x86_64.whl", hash = "sha256:898f0e9068ca27d37f8e83a5b962821df851532e6c4a7d615c1c033f9da6eedf", size = 225157, upload-time = "2026-07-07T14:34:09.061Z" },
    { url = "https://files.pythonhosted.org/packages/9b/f2/c0d4b8508565a36bc5c624e88ed297f5b0b1095011034d7f5b83a69908b5/charset_normalizer-3.4.9-cp314-cp314-win32.whl", hash = "sha256:c1c948747b03be832dceed96ca815cef7360de9aa19d37c730f8e3f6101aca48", size = 151095, upload-time = "2026-07-07T14:34:10.901Z" },
    { url = "https://files.pythonhosted.org/packages/49/fd/a1d26144398c67486422a72bf5812cda22cb4ccfcd95a290fb41ceb4b8e2/charset_normalizer-3.4.9-cp314-cp314-win_amd64.whl", hash = "sha256:16b65ea0f2465b6fb52aa22de5eca612aa964ddfec00a912e26f4656cbef890b", size = 162796, upload-time = "2026-07-07T14:34:12.47Z" },
    { url = "https://files.pythonhosted.org/packages/20/95/d75e82f8ce9fd323ebf059c16c9aadefb22a1ecde13b7840b35835e4886c/charset_normalizer-3.4.9-cp314-cp314-win_arm64.whl", hash = "sha256:40a126142a56b2dfc0aacbad1de8310cbf60da7656db0e6b16eebd48e3e93519", size = 153334, upload-time = "2026-07-07T14:34:14.044Z" },
    { url = "https://files.pythonhosted.org/packages/00/5e/17398df3a139985ba9d11ed072531986f408c8fca952835ef1ab1820c02b/charset_normalizer-3.4.9-cp314-cp314t-macosx_10_15_universal2.whl", hash = "sha256:609b3ba8fcc0fb5ab7af00719d0fb6ad0cb518e48e7712d12fd68f1327951198", size = 338848, upload-time = "2026-07-07T14:34:15.688Z" },
    { url = "https://files.pythonhosted.org/packages/cd/91/7253a32e86b7e1d1239b1b36ba6dd0f021a21107ab33054b53119cc083b9/charset_normalizer-3.4.9-cp314-cp314t-manylinux2014_aarch64.manylinux_2_17_aarch64.manylinux_2_28_aarch64.whl", hash = "sha256:51447e9aa2684679af07ca5021c3db526e0284347ebf4ffcec1154c3350cfe32", size = 223022, upload-time = "2026-07-07T14:34:17.248Z" },
    { url = "https://files.pythonhosted.org/packages/cb/32/2e64bd2be10e89c61e57ebe6a93fd98ae88eb7ebe414b5121f22c96c69eb/charset_normalizer-3.4.9-cp314-cp314t-manylinux2014_ppc64le.manylinux_2_17_ppc64le.manylinux_2_28_ppc64le.whl", hash = "sha256:cc1b0fff8ead343dae06305f954eb8468ba0ec1a97881f42489d198e4ce3c632", size = 241590, upload-time = "2026-07-07T14:34:18.813Z" },
    { url = "https://files.pythonhosted.org/packages/3d/ef/d96ec496cfea0c21db43b0ad03891308b02388d054cc902cf0e5a1ad6a88/charset_normalizer-3.4.9-cp314-cp314t-manylinux2014_s390x.manylinux_2_17_s390x.manylinux_2_28_s390x.whl", hash = "sha256:fa36ec09ef71d158186bc79e359ff5fdd6e7996fe8ab638f00d6b93139ba4fcf", size = 239584, upload-time = "2026-07-07T14:34:20.52Z" },
    { url = "https://files.pythonhosted.org/packages/d4/ce/9af95f7876194bd7a14e3dfe4a4de2e0bff02666a3910d72beafd06cc297/charset_normalizer-3.4.9-cp314-cp314t-manylinux2014_x86_64.manylinux_2_17_x86_64.manylinux_2_28_x86_64.whl", hash = "sha256:df115d4d83168fdf2cae48ef1ff6d1cb4c466364e30861b37121de0f3bf1b990", size = 230224, upload-time = "2026-07-07T14:34:22.189Z" },
    { url = "https://files.pythonhosted.org/packages/52/94/af74dde74a3996bd959c350709bfe50e297823d70a8c1cbd54b838880863/charset_normalizer-3.4.9-cp314-cp314t-manylinux_2_31_armv7l.whl", hash = "sha256:f86c6358749bd4fda175388691e3ba8c46e24c5347d0afd20f9b7edfc9faf07d", size = 212667, upload-time = "2026-07-07T14:34:23.857Z" },
    { url = "https://files.pythonhosted.org/packages/ee/f0/f1c4fe746c395922961b5916ed1d7d6e7d4c84851d19ed43cc89980ec953/charset_normalizer-3.4.9-cp314-cp314t-manylinux_2_31_riscv64.manylinux_2_39_riscv64.whl", hash = "sha256:32286a2c8d167e897177b673176c1e3e00d4057caf5d2b64eef9a3666b03018e", size = 227179, upload-time = "2026-07-07T14:34:25.586Z" },
    { url = "https://files.pythonhosted.org/packages/e4/56/6c745619ac397e8871e2bcd3cea1eec86b877488f33888b3aef5c3ed506e/charset_normalizer-3.4.9-cp314-cp314t-musllinux_1_2_aarch64.whl", hash = "sha256:83aed2c10721ddd90f68140685391b50811a880af20654c59af6b6c66c40513c", size = 225372, upload-time = "2026-07-07T14:34:27.212Z" },
    { url = "https://files.pythonhosted.org/packages/78/ad/98aae8630ac71f16711968e38a5acfecce41b778bf2f0312851020f565a8/charset_normalizer-3.4.9-cp314-cp314t-musllinux_1_2_armv7l.whl", hash = "sha256:cd6c3d4b783c556fa00bf540854e42f135e2f256abd29669fcd0da0f2dec79c2", size = 215222, upload-time = "2026-07-07T14:34:28.774Z" },
    { url = "https://files.pythonhosted.org/packages/f7/40/9593d54209765207a7f11073c06494c1721e4ca4a0a426c597679bf7f91e/charset_normalizer-3.4.9-cp314-cp314t-musllinux_1_2_x86_64.whl", hash = "sha256:ee2f2a527e3c1a6e6411eb4209642e138b544a2d72fe5d0d76daf77b24063534", size = 231958, upload-time = "2026-07-07T14:34:30.345Z" },
    { url = "https://files.pythonhosted.org/packages/b1/27/693ee5e8a18191eb38647360c51cd505013e2bd3b366aa43fd5344c21e3c/charset_normalizer-3.4.9-cp314-cp314t-win32.whl", hash = "sha256:0d861473f743244d349b50f850d10eb87aeb22bbdcc8e64f79273c94af5a8226", size = 155580, upload-time = "2026-07-07T14:34:31.884Z" },
    { url = "https://files.pythonhosted.org/packages/80/3f/bd97d3d9c613013d07cb7733d299385b41df37f0471310f5a73dc359f0b8/charset_normalizer-3.4.9-cp314-cp314t-win_amd64.whl", hash = "sha256:9b8e0f3107e2200b76f6054de99016eac3ee6762713587b36baaa7e4bd2ae177", size = 167620, upload-time = "2026-07-07T14:34:33.438Z" },
    { url = "https://files.pythonhosted.org/packages/3d/c6/eee9dca4439b1061f76373f06ea855678cc4a64c1c3c90b50e479edbb8eb/charset_normalizer-3.4.9-cp314-cp314t-win_arm64.whl", hash = "sha256:19ac87f93086ce37b86e098888555c4b4bc48102279bae3350098c0ed664b501", size = 158037, upload-time = "2026-07-07T14:34:35.018Z" },
    { url = "https://files.pythonhosted.org/packages/98/2b/f97f1c193fb855c345d678f5077d6926034db0722df74c8f057020e05a25/charset_normalizer-3.4.9-py3-none-any.whl", hash = "sha256:68e5f26a1ad57ded6d1cfb85331d1c1a195314756471d97758c48498bb4dcdf5", size = 64538, upload-time = "2026-07-07T14:34:56.993Z" },
]

[[package]]
name = "exifread"
version = "3.5.1"
source = { registry = "https://pypi.org/simple" }
sdist = { url = "https://files.pythonhosted.org/packages/e2/4e/d8fce8810d819db47f5b159e75223511c5ccd7ad07c2feca64cf7fab2477/exifread-3.5.1.tar.gz", hash = "sha256:9f998f80d3062741c976dfc4fd033424bc40932937994e4d2181eb70c4b6aedd", size = 56552, upload-time = "2025-08-23T21:59:18.123Z" }
wheels = [
    { url = "https://files.pythonhosted.org/packages/e2/a3/20e34a55c7b225110d3822d07c3cab9e8653d9c179e36783f2ed632a96a7/exifread-3.5.1-py3-none-any.whl", hash = "sha256:e5426ce2857423ad401e575ea9d159dc97449dc041fb6e61b35109caea72c311", size = 59742, upload-time = "2025-08-23T21:59:16.633Z" },
]

[[package]]
name = "gmplot"
version = "1.4.1"
source = { registry = "https://pypi.org/simple" }
dependencies = [
    { name = "requests" },
]
sdist = { url = "https://files.pythonhosted.org/packages/61/fa/b37cfaafdb919542224dcd5dcfa7cb1d19e06055fc7c04b13b0728da33c6/gmplot-1.4.1.tar.gz", hash = "sha256:cfe72d251c17b5c05043169d121a9728554bf65b8c96760ce9fabb6d269c6667", size = 136267, upload-time = "2020-06-26T08:08:57.695Z" }
wheels = [
    { url = "https://files.pythonhosted.org/packages/2f/2f/45399c0a3b75d22a6ece1a1732a1670836cf284de7c1f91379a8d9b666a1/gmplot-1.4.1-py3-none-any.whl", hash = "sha256:873bcecd90f0e63a73b2876e15a2225145d726f3b7cfb47a363a3a5459fc778d", size = 164697, upload-time = "2020-06-26T08:08:56.65Z" },
]

[[package]]
name = "idna"
version = "3.18"
source = { registry = "https://pypi.org/simple" }
sdist = { url = "https://files.pythonhosted.org/packages/cd/63/9496c57188a2ee585e0f1db071d75089a11e98aa86eb99d9d7618fc1edce/idna-3.18.tar.gz", hash = "sha256:ffb385a7e039654cef1ab9ef32c6fafe283c0c0467bba1d9029738ce4a14a848", size = 196711, upload-time = "2026-06-02T14:34:07.794Z" }
wheels = [
    { url = "https://files.pythonhosted.org/packages/1e/5e/d4e9f1a599fb8e573b7b87160658329fbf28d19eac2718f51fc3def3aa5a/idna-3.18-py3-none-any.whl", hash = "sha256:7f952cbe720b688055e3f87de14f5c3e5fdaa8bc3928985c4077ca689de849a2", size = 65455, upload-time = "2026-06-02T14:34:06.319Z" },
]

[[package]]
name = "packaging"
version = "26.3"
source = { registry = "https://pypi.org/simple" }
sdist = { url = "https://files.pythonhosted.org/packages/7d/fa/3944b40b07da9ce895c0e6303a5ab7d53da063554f534556b134a54d6093/packaging-26.3.tar.gz", hash = "sha256:94edc256424af38762eb31306eed28beb9f0efc50a8837492c9d6fd6004aed79", size = 313412, upload-time = "2026-08-04T18:15:28.737Z" }
wheels = [
    { url = "https://files.pythonhosted.org/packages/63/34/ba1c580383c9eada3711951fef0795c80b829a078d72188184bcab9dd527/packaging-26.3-py3-none-any.whl", hash = "sha256:d7193f7c8e4e93f444fde0262bf90af30e16fa0ad0ad44cb553c87339b23cd1c", size = 129956, upload-time = "2026-08-04T18:15:27.159Z" },
]

[[package]]
name = "pyqt6"
version = "6.11.0"
source = { registry = "https://pypi.org/simple" }
dependencies = [
    { name = "pyqt6-qt6" },
    { name = "pyqt6-sip" },
]
sdist = { url = "https://files.pythonhosted.org/packages/8b/47/b25c13eca5bebc6505394d0223e46d7ebf0c57dcac2ed908d7d19b18ab6b/pyqt6-6.11.0.tar.gz", hash = "sha256:45dd60aa69976de1918b5ced6b4e7b6a25abd2a919ecef5fd5826ecc76718889", size = 1087430, upload-time = "2026-03-30T09:16:13.543Z" }
wheels = [
    { url = "https://files.pythonhosted.org/packages/33/44/fcd3dd3f64c83c96bf9bce76ec16cca64bd9b91702c3d08fd8e3dafc73d9/pyqt6-6.11.0-cp310-abi3-macosx_10_14_universal2.whl", hash = "sha256:f7100bc7f72b12581ec479a733f4ad11b8002668e6786e8a445ab6f4d1c743d4", size = 12429735, upload-time = "2026-03-30T09:16:03.713Z" },
    { url = "https://files.pythonhosted.org/packages/c3/a0/bd1399740dfa80c0a94d20b02d89962a31458233dcf70eaa09bfbccf3d0f/pyqt6-6.11.0-cp310-abi3-manylinux_2_34_x86_64.whl", hash = "sha256:8555277989fa7d114cb3c3443fd261d566909f7268ceedd41d93a5f02d37ec05", size = 8334632, upload-time = "2026-03-30T09:16:06.066Z" },
    { url = "https://files.pythonhosted.org/packages/d3/db/425b184ac2430ba1978bb507ffd285ec007a872644e2ae5df13332dbcb05/pyqt6-6.11.0-cp310-abi3-manylinux_2_39_aarch64.whl", hash = "sha256:0734959955adde095af9a074213a7f73386d1bbbddfc27346b4c0621641a692e", size = 8321484, upload-time = "2026-03-30T09:16:08.135Z" },
    { url = "https://files.pythonhosted.org/packages/6f/85/dd9f03d78d87460e109e0121cd6201c5802bdd655656bf2780e964870fea/pyqt6-6.11.0-cp310-abi3-win_amd64.whl", hash = "sha256:bd11b459c54dca068e988a42cf838303334f0d441b9d16d92ae6719fcb5ac6ba", size = 6844358, upload-time = "2026-03-30T09:16:09.766Z" },
    { url = "https://files.pythonhosted.org/packages/cd/75/970b041bde4372cc6739c5ef9db1de83a6b36e788e4992e598baa35b2255/pyqt6-6.11.0-cp310-abi3-win_arm64.whl", hash = "sha256:b6324e3501b19b4292c7a55b1f22e82d3e80e519e383ce4fe79b4a754c6f0288", size = 5933984, upload-time = "2026-03-30T09:16:11.817Z" },
]

[[package]]
name = "pyqt6-qt6"
version = "6.11.1"
source = { registry = "https://pypi.org/simple" }
wheels = [
    { url = "https://files.pythonhosted.org/packages/38/cb/ef930289bcd3b4be77a619d6b89ccdd0f53d753053a45f69ed590fd49777/pyqt6_qt6-6.11.1-py3-none-macosx_10_14_x86_64.whl", hash = "sha256:694486f18b7ab9b1edcdb50e0c9f5cb726e096107da90ae7b0e810f18e2002b3", size = 70402836, upload-time = "2026-05-15T11:18:24.893Z" },
    { url = "https://files.pythonhosted.org/packages/09/7d/d016af2de1975a0d90c9a911e3d82b2e8c8fe899f8af746ade42186f3845/pyqt6_qt6-6.11.1-py3-none-macosx_11_0_arm64.whl", hash = "sha256:fd05b31a3c83111b6eb82bb472ccfe531ef823f70d085b82fd1edc5ad2553c54", size = 64167714, upload-time = "2026-05-15T11:18:48.848Z" },
    { url = "https://files.pythonhosted.org/packages/e1/be/21d0df9bde717131f4245f8801676120d466afe198c4641c9e4982cf85fe/pyqt6_qt6-6.11.1-py3-none-manylinux_2_34_x86_64.whl", hash = "sha256:254af349e0ef4b2fa581f86ee9d65eb797bb1d4f0c01ae5ceaa7b2446b458be9", size = 85897589, upload-time = "2026-05-15T11:19:21.864Z" },
    { url = "https://files.pythonhosted.org/packages/08/69/f6b9cafceed9790c62a7ca3044562d38545bbfcfaf222846482ac2f9bd56/pyqt6_qt6-6.11.1-py3-none-manylinux_2_39_aarch64.whl", hash = "sha256:039b1ab619d63d06a87cacf84b581a2b61a30c9ad5bb677553e738afe4dc433a", size = 84996419, upload-time = "2026-05-15T11:19:52.647Z" },
    { url = "https://files.pythonhosted.org/packages/fa/f1/70e83c23bf897c7f5025aa100482f482038ef70232dc27b407659d941fbf/pyqt6_qt6-6.11.1-py3-none-win_amd64.whl", hash = "sha256:7486c80512e823f2d3087e67f854f0556b345f4368040a853c8dc4d30fd3fe69", size = 78416766, upload-time = "2026-05-15T11:20:20.588Z" },
    { url = "https://files.pythonhosted.org/packages/93/b0/9183ec9c206a0c3cba5719f0911e88a3486167137456a0f9318f07ce000d/pyqt6_qt6-6.11.1-py3-none-win_arm64.whl", hash = "sha256:120efbedf833e5bbbc3d64ebdb139b44ff34e60f34410c7b1c2c26d230380bda", size = 59961004, upload-time = "2026-05-15T11:20:49.065Z" },
]

[[package]]
name = "pyqt6-sip"
version = "13.12.0"
source = { registry = "https://pypi.org/simple" }
sdist = { url = "https://files.pythonhosted.org/packages/d1/23/16c583dbb6b53e0494dfcf7d1a44778c82e324edda62326727b37f1a5b34/pyqt6_sip-13.12.0.tar.gz", hash = "sha256:a7ad45c1e3cec3a2473d37ea9870b6c3baeccc560298623c8eb59265714c06e2", size = 93979, upload-time = "2026-08-02T12:04:47.231Z" }
wheels = [
    { url = "https://files.pythonhosted.org/packages/86/d0/2eb16fd24e50285536ad3786fd9353b6c6f9e3893d4e30e6fb340fe537f5/pyqt6_sip-13.12.0-cp312-cp312-macosx_10_9_universal2.whl", hash = "sha256:51352451de3a02ca5476c4248553550385a5df0c4e8a01efbef923fbdaddd79f", size = 112517, upload-time = "2026-08-02T12:04:27.385Z" },
    { url = "https://files.pythonhosted.org/packages/63/4c/3d4217383269153a3026e825dd109968561638d20394671e4dc8e13c6a95/pyqt6_sip-13.12.0-cp312-cp312-manylinux1_x86_64.manylinux_2_5_x86_64.whl", hash = "sha256:3476132fc5c85d7136eb14cb7d9e1909e9f5ee94a85d892e4ac244990ba541b3", size = 299556, upload-time = "2026-08-02T12:04:29.912Z" },
    { url = "https://files.pythonhosted.org/packages/90/4c/898dcfbfa116dbaf204376bc6aa67e76010b93dd2e0e3da25bcb5624956b/pyqt6_sip-13.12.0-cp312-cp312-manylinux_2_17_aarch64.manylinux2014_aarch64.whl", hash = "sha256:8427e9bdf03539b077c962b764dce98f2264a51a09879fe14cda7acdc1ba05eb", size = 321194, upload-time = "2026-08-02T12:04:28.458Z" },
    { url = "https://files.pythonhosted.org/packages/2a/58/caeb6b59c88b93ab30ceabbbb07b0efc50f8b0585876f4424f92addb85fe/pyqt6_sip-13.12.0-cp312-cp312-win_amd64.whl", hash = "sha256:fc40cda618f13e291e35271f29250b55b9b362755f6e22357d244fcbacd18e6c", size = 53341, upload-time = "2026-08-02T12:04:31.066Z" },
    { url = "https://files.pythonhosted.org/packages/cb/5d/8028ffa154a8243c942521adf50c452d21f889c7b7caab2865f79d60951a/pyqt6_sip-13.12.0-cp312-cp312-win_arm64.whl", hash = "sha256:543b9b210ca4278ee510f938d4b3d696b587b2b223c6cd1ba819c3cef3b67ea5", size = 48703, upload-time = "2026-08-02T12:04:32.021Z" },
    { url = "https://files.pythonhosted.org/packages/16/68/dd27f520678ff7b6cbafc54569d606409481b3bb251dbc0a9bb2a7423701/pyqt6_sip-13.12.0-cp313-cp313-macosx_10_13_universal2.whl", hash = "sha256:85ac64530f6e7362a853fea1ce50e91f026cb87b411abe7a9efe4edb844458fa", size = 112520, upload-time = "2026-08-02T12:04:33.107Z" },
    { url = "https://files.pythonhosted.org/packages/34/9a/3f8127196bb2e303914c92670590633a7b3141aca640dc0122c326366c3d/pyqt6_sip-13.12.0-cp313-cp313-manylinux1_x86_64.manylinux_2_5_x86_64.whl", hash = "sha256:5b5610a21401dbf97eaa82a2d35e727d3269ef370f299a892ff154f4b6f338ca", size = 299892, upload-time = "2026-08-02T12:04:35.614Z" },
    { url = "https://files.pythonhosted.org/packages/e4/56/2ec8cd46fb9ac112112792f879706afd4f2097f69dd8893627923110c30e/pyqt6_sip-13.12.0-cp313-cp313-manylinux_2_17_aarch64.manylinux2014_aarch64.whl", hash = "sha256:84b5df633e3c7bc5faaec18b71f45d297002ee258350f823648b6f447763524c", size = 321398, upload-time = "2026-08-02T12:04:34.296Z" },
    { url = "https://files.pythonhosted.org/packages/2d/63/f74d1de19822c69a5a6d0e9c59e06f05ab37e4502dbb17cea93d799ac0b6/pyqt6_sip-13.12.0-cp313-cp313-win_amd64.whl", hash = "sha256:99a9016b9f6f23e4446703ba2c2271b35a3ff2fd5115e607b9fac675774abea9", size = 53342, upload-time = "2026-08-02T12:04:36.717Z" },
    { url = "https://files.pythonhosted.org/packages/b3/48/3be6fa82006c8e7827bbdcdff9673c291e4da1ec5152a8404c4765b0a8c0/pyqt6_sip-13.12.0-cp313-cp313-win_arm64.whl", hash = "sha256:2431eef7617f7cd26d22789178a57a688ddbca814fd5215fbe577f4bf45569b8", size = 48714, upload-time = "2026-08-02T12:04:37.835Z" },
    { url = "https://files.pythonhosted.org/packages/ed/f8/7d9e8c559446d4fe738e3faebb75c0c172093a15dd6be29771aad8b012a9/pyqt6_sip-13.12.0-cp314-cp314-macosx_10_15_universal2.whl", hash = "sha256:beeebe34fdb4d2997310f60a618e332a7097db4f52ae970f5f0a6b8e7105cb18", size = 112587, upload-time = "2026-08-02T12:04:40.657Z" },
    { url = "https://files.pythonhosted.org/packages/c2/4b/b6f552e79b8d5c80370b9691a381d26e09d7b5fb9e434cb444b0b436f8a8/pyqt6_sip-13.12.0-cp314-cp314-manylinux1_x86_64.manylinux_2_5_x86_64.whl", hash = "sha256:309a69feb94dfc0bec7e224055db376b157ce6d88b94eb4076d2e913b4c62b47", size = 299624, upload-time = "2026-08-02T12:04:43.669Z" },
    { url = "https://files.pythonhosted.org/packages/14/ee/f7c22e6a43ce23bc05fc481f1e7c8dc3ba06e9870b045adc9377234b6fbd/pyqt6_sip-13.12.0-cp314-cp314-manylinux_2_17_aarch64.manylinux2014_aarch64.whl", hash = "sha256:0874073287e6d5b900768b95fca3f0ea23209c1bef5321bb2422f5dca455a899", size = 321825, upload-time = "2026-08-02T12:04:41.713Z" },
    { url = "https://files.pythonhosted.org/packages/c6/d3/30e57a4ceeb222348e60862183e3e7159490944b428230f728b465614928/pyqt6_sip-13.12.0-cp314-cp314-win_amd64.whl", hash = "sha256:9717fc4271e5d71e1cecadbb3340c3990ea9d58923fbf076b70cf8bc0f339639", size = 54971, upload-time = "2026-08-02T12:04:45.001Z" },
    { url = "https://files.pythonhosted.org/packages/1c/cb/806b3fcc7ab9dc77fc42a26dc010f7d87aa32c230af3ddebb958eed02e80/pyqt6_sip-13.12.0-cp314-cp314-win_arm64.whl", hash = "sha256:6815e719d1fd4c71c0d3ed85e7e91b615959d949dac7af6e3f11a29a3a565676", size = 49576, upload-time = "2026-08-02T12:04:46.074Z" },
]

[[package]]
name = "pyqt6-webengine"
version = "6.11.0"
source = { registry = "https://pypi.org/simple" }
dependencies = [
    { name = "pyqt6" },
    { name = "pyqt6-sip" },
    { name = "pyqt6-webengine-qt6" },
]
sdist = { url = "https://files.pythonhosted.org/packages/9a/c6/b4f777c46ff42a759180dc65ad49a207748ea2e83ac4df21e89eaf4834c3/pyqt6_webengine-6.11.0.tar.gz", hash = "sha256:15cf49efbbbd4c6bc87653b2c4ae80d6049f800e31620b336734ae2e37cbedae", size = 37331, upload-time = "2026-03-30T09:18:15.561Z" }
wheels = [
    { url = "https://files.pythonhosted.org/packages/28/55/d06c4c1390268ca19a5be6e00e9b394b7bed995ace51b8f10ac19e8770c7/pyqt6_webengine-6.11.0-cp310-abi3-macosx_10_14_universal2.whl", hash = "sha256:dfd6efc1760a8f0a82a41366f44dd1949380be5b7e62ca79165ef67ae6f26456", size = 465113, upload-time = "2026-03-30T09:18:08.896Z" },
    { url = "https://files.pythonhosted.org/packages/02/63/99f0032137dd76d7c401d467887bcee112df4fc9f496cf92b11de6b93551/pyqt6_webengine-6.11.0-cp310-abi3-manylinux_2_34_x86_64.whl", hash = "sha256:a9c07d18ab6aa4be95dea5bdbced2690cf0659637634e960bd5cf90c9aa5bc1b", size = 318292, upload-time = "2026-03-30T09:18:10.297Z" },
    { url = "https://files.pythonhosted.org/packages/ac/4a/a262c8828f35acec6dba2bf2f90d1c00b82d91f8b31f8ec830ac2f7c5d6c/pyqt6_webengine-6.11.0-cp310-abi3-manylinux_2_39_aarch64.whl", hash = "sha256:a115d14205b037bf2e8aa52176fc30260c112cf3a252047e69999e5d52f7b868", size = 319166, upload-time = "2026-03-30T09:18:11.515Z" },
    { url = "https://files.pythonhosted.org/packages/d4/15/27a18e7124f85eeadd48452f96104a5a231f0ad97ab5c10e16d87a319ccb/pyqt6_webengine-6.11.0-cp310-abi3-win_amd64.whl", hash = "sha256:5596ea8f7fd94a6b443c47f3c12dac619bedf5fabb646d2b8b4de1d73ec531cb", size = 257876, upload-time = "2026-03-30T09:18:12.682Z" },
    { url = "https://files.pythonhosted.org/packages/f3/af/4cf061bfa45b5311ce05a48749afb6d8ee62539f38619875feaa200b6acf/pyqt6_webengine-6.11.0-cp310-abi3-win_arm64.whl", hash = "sha256:06c309fa956dd4f197636d949aa5d125cd905f386178eb8884e231c04c5b577c", size = 235435, upload-time = "2026-03-30T09:18:14.323Z" },
]

[[package]]
name = "pyqt6-webengine-qt6"
version = "6.11.1"
source = { registry = "https://pypi.org/simple" }
wheels = [
    { url = "https://files.pythonhosted.org/packages/09/83/ee448f4125cdf3649c048300b96048129437c0d2afcb9de40b2ab239eeca/pyqt6_webengine_qt6-6.11.1-py3-none-macosx_10_14_x86_64.whl", hash = "sha256:a20fccfa6d345b804fa718ae2b4db3cda4a66bb5ea83b14a6266b8c6d168477c", size = 125601172, upload-time = "2026-05-15T11:21:41.501Z" },
    { url = "https://files.pythonhosted.org/packages/18/c4/24a856ec9efb97fb75062cebc64f4a8e7c55125a838ab71f163e268c08b2/pyqt6_webengine_qt6-6.11.1-py3-none-macosx_11_0_arm64.whl", hash = "sha256:766ad691fb274eb1ed222eee407d6c16b398a06782441f4a2ad7dd699aa9392a", size = 112247415, upload-time = "2026-05-15T11:22:13.735Z" },
    { url = "https://files.pythonhosted.org/packages/76/b8/4a31b1c59b44981b1dab685039704d43bc9d73899ab63aa04b22e4e75614/pyqt6_webengine_qt6-6.11.1-py3-none-manylinux_2_34_x86_64.whl", hash = "sha256:cb15cc35593dd45492b40579912aac9fd44053a879f92fdd246bc5ba8738e0e9", size = 116319146, upload-time = "2026-05-15T11:22:49.783Z" },
    { url = "https://files.pythonhosted.org/packages/d4/2b/d0376a89cc465835351dc4d1813b8c10cd12dc8b1350201087ff75e20bc6/pyqt6_webengine_qt6-6.11.1-py3-none-manylinux_2_39_aarch64.whl", hash = "sha256:986571954200d89812211997e7e544eb48682ce06141957e668f6ff4375517b6", size = 111680319, upload-time = "2026-05-15T11:23:27.714Z" },
    { url = "https://files.pythonhosted.org/packages/83/0d/4826e0d24c34d85f57feeddbb26b1d359705d1c6952cbe214dd433e41e8a/pyqt6_webengine_qt6-6.11.1-py3-none-win_amd64.whl", hash = "sha256:16db64a3c658f3575b9c7c29aceb734714c24a2c8778e20caf277a593bc8ceb0", size = 132865252, upload-time = "2026-05-15T11:24:11.569Z" },
    { url = "https://files.pythonhosted.org/packages/27/cc/8d268ec85e76d6e2c236a715851fef21e6d0ae369fbb896ada996092b735/pyqt6_webengine_qt6-6.11.1-py3-none-win_arm64.whl", hash = "sha256:21aaa6c7c9a91076936baa4a1c02dd5a0cbd4c75238d5fd6a216736f654cf89a", size = 114693848, upload-time = "2026-05-15T11:24:42.684Z" },
]

[[package]]
name = "qtpy"
version = "2.4.3"
source = { registry = "https://pypi.org/simple" }
dependencies = [
    { name = "packaging" },
]
sdist = { url = "https://files.pythonhosted.org/packages/70/01/392eba83c8e47b946b929d7c46e0f04b35e9671f8bb6fc36b6f7945b4de8/qtpy-2.4.3.tar.gz", hash = "sha256:db744f7832e6d3da90568ba6ccbca3ee2b3b4a890c3d6fbbc63142f6e4cdf5bb", size = 66982, upload-time = "2025-02-11T15:09:25.759Z" }
wheels = [
    { url = "https://files.pythonhosted.org/packages/69/76/37c0ccd5ab968a6a438f9c623aeecc84c202ab2fabc6a8fd927580c15b5a/QtPy-2.4.3-py3-none-any.whl", hash = "sha256:72095afe13673e017946cc258b8d5da43314197b741ed2890e563cf384b51aa1", size = 95045, upload-time = "2025-02-11T15:09:24.162Z" },
]

[[package]]
name = "requests"
version = "2.34.2"
source = { registry = "https://pypi.org/simple" }
dependencies = [
    { name = "certifi" },
    { name = "charset-normalizer" },
    { name = "idna" },
    { name = "urllib3" },
]
sdist = { url = "https://files.pythonhosted.org/packages/ac/c3/e2a2b89f2d3e2179abd6d00ebd70bff6273f37fb3e0cc209f48b39d00cbf/requests-2.34.2.tar.gz", hash = "sha256:f288924cae4e29463698d6d60bc6a4da69c89185ad1e0bcc4104f584e960b9ed", size = 142856, upload-time = "2026-05-14T19:25:27.735Z" }
wheels = [
    { url = "https://files.pythonhosted.org/packages/a0/f4/c67b0b3f1b9245e8d266f0f112c500d50e5b4e83cb6f3b71b6528104182a/requests-2.34.2-py3-none-any.whl", hash = "sha256:2a0d60c172f83ac6ab31e4554906c0f3b3588d37b5cb939b1c061f4907e278e0", size = 73075, upload-time = "2026-05-14T19:25:26.443Z" },
]

[[package]]
name = "stuffdb"
version = "0.1.0"
source = { virtual = "." }
dependencies = [
    { name = "exifread" },
    { name = "gmplot" },
    { name = "pyqt6" },
    { name = "pyqt6-webengine" },
    { name = "qtpy" },
    { name = "unidecode" },
    { name = "wat-inspector" },
]

[package.metadata]
requires-dist = [
    { name = "exifread" },
    { name = "gmplot" },
    { name = "pyqt6", specifier = ">=6.11.0" },
    { name = "pyqt6-webengine", specifier = ">=6.11.0" },
    { name = "qtpy" },
    { name = "unidecode", specifier = ">=1.3.0" },
    { name = "wat-inspector" },
]

[[package]]
name = "unidecode"
version = "1.4.0"
source = { registry = "https://pypi.org/simple" }
sdist = { url = "https://files.pythonhosted.org/packages/94/7d/a8a765761bbc0c836e397a2e48d498305a865b70a8600fd7a942e85dcf63/Unidecode-1.4.0.tar.gz", hash = "sha256:ce35985008338b676573023acc382d62c264f307c8f7963733405add37ea2b23", size = 200149, upload-time = "2025-04-24T08:45:03.798Z" }
wheels = [
    { url = "https://files.pythonhosted.org/packages/8f/b7/559f59d57d18b44c6d1250d2eeaa676e028b9c527431f5d0736478a73ba1/Unidecode-1.4.0-py3-none-any.whl", hash = "sha256:c3c7606c27503ad8d501270406e345ddb480a7b5f38827eafe4fa82a137f0021", size = 235837, upload-time = "2025-04-24T08:45:01.609Z" },
]

[[package]]
name = "urllib3"
version = "2.7.0"
source = { registry = "https://pypi.org/simple" }
sdist = { url = "https://files.pythonhosted.org/packages/53/0c/06f8b233b8fd13b9e5ee11424ef85419ba0d8ba0b3138bf360be2ff56953/urllib3-2.7.0.tar.gz", hash = "sha256:231e0ec3b63ceb14667c67be60f2f2c40a518cb38b03af60abc813da26505f4c", size = 433602, upload-time = "2026-05-07T16:13:18.596Z" }
wheels = [
    { url = "https://files.pythonhosted.org/packages/7f/3e/5db95bcf282c52709639744ca2a8b149baccf648e39c8cc87553df9eae0c/urllib3-2.7.0-py3-none-any.whl", hash = "sha256:9fb4c81ebbb1ce9531cce37674bbc6f1360472bc18ca9a553ede278ef7276897", size = 131087, upload-time = "2026-05-07T16:13:17.151Z" },
]

[[package]]
name = "wat-inspector"
version = "0.4.3"
source = { registry = "https://pypi.org/simple" }
sdist = { url = "https://files.pythonhosted.org/packages/71/ed/463950964282fb8e40d363baeba3b2852b3dba3c1acea538e553959fa721/wat_inspector-0.4.3.tar.gz", hash = "sha256:1c47c4943eec631d7d6412f4e6a225fa29c21db30143728d6bbb6f873790ec77", size = 23023, upload-time = "2024-11-21T11:04:45.845Z" }
wheels = [
    { url = "https://files.pythonhosted.org/packages/0e/d0/05abf7dae933697d882ff7e410afb9b02e32640cc770cad2a63428e14f90/wat_inspector-0.4.3-py3-none-any.whl", hash = "sha256:b739b8779ccd729503caa8912cf1d1c59eba3762707f40ed6dbb92434af3bd1f", size = 15042, upload-time = "2024-11-21T11:04:44.665Z" },
]
